
Microsoft Visual Studio Solution File, Format Version 12.00
# Visual Studio Version 17
VisualStudioVersion = 17.14.36518.9 d17.14
MinimumVisualStudioVersion = 10.0.40219.1
Project("{FAE04EC0-301F-11D3-BF4B-00C04F79EFBC}") = "CW07_3(B)", "CW07_3(B)\CW07_3(B).csproj", "{5654F376-1045-4F5F-BAAB-650D7B136A99}"
EndProject
Global
	GlobalSection(SolutionConfigurationPlatforms) = preSolution
		Debug|Any CPU = Debug|Any CPU
		Release|Any CPU = Release|Any CPU
	EndGlobalSection
	GlobalSection(ProjectConfigurationPlatforms) = postSolution
		{5654F376-1045-4F5F-BAAB-650D7B136A99}.Debug|Any CPU.ActiveCfg = Debug|Any CPU
		{5654F376-1045-4F5F-BAAB-650D7B136A99}.Debug|Any CPU.Build.0 = Debug|Any CPU
		{5654F376-1045-4F5F-BAAB-650D7B136A99}.Release|Any CPU.ActiveCfg = Release|Any CPU
		{5654F376-1045-4F5F-BAAB-650D7B136A99}.Release|Any CPU.Build.0 = Release|Any CPU
	EndGlobalSection
	GlobalSection(SolutionProperties) = preSolution
		HideSolutionNode = FALSE
	EndGlobalSection
	GlobalSection(ExtensibilityGlobals) = postSolution
		SolutionGuid = {156ADD42-3014-4E60-AE5E-1B7EBC3AE166}
	EndGlobalSection
EndGlobal
