
Microsoft Visual Studio Solution File, Format Version 12.00
# Visual Studio Version 17
VisualStudioVersion = 17.14.36518.9 d17.14
MinimumVisualStudioVersion = 10.0.40219.1
Project("{FAE04EC0-301F-11D3-BF4B-00C04F79EFBC}") = "CW07_4(B)", "CW07_4(B)\CW07_4(B).csproj", "{4C020EBF-8D85-4284-BF39-CA56F2D738E4}"
EndProject
Global
	GlobalSection(SolutionConfigurationPlatforms) = preSolution
		Debug|Any CPU = Debug|Any CPU
		Release|Any CPU = Release|Any CPU
	EndGlobalSection
	GlobalSection(ProjectConfigurationPlatforms) = postSolution
		{4C020EBF-8D85-4284-BF39-CA56F2D738E4}.Debug|Any CPU.ActiveCfg = Debug|Any CPU
		{4C020EBF-8D85-4284-BF39-CA56F2D738E4}.Debug|Any CPU.Build.0 = Debug|Any CPU
		{4C020EBF-8D85-4284-BF39-CA56F2D738E4}.Release|Any CPU.ActiveCfg = Release|Any CPU
		{4C020EBF-8D85-4284-BF39-CA56F2D738E4}.Release|Any CPU.Build.0 = Release|Any CPU
	EndGlobalSection
	GlobalSection(SolutionProperties) = preSolution
		HideSolutionNode = FALSE
	EndGlobalSection
	GlobalSection(ExtensibilityGlobals) = postSolution
		SolutionGuid = {65FC9EAB-FA18-4400-8891-D4D9433DCE29}
	EndGlobalSection
EndGlobal
