
Microsoft Visual Studio Solution File, Format Version 12.00
# Visual Studio Version 17
VisualStudioVersion = 17.14.36518.9 d17.14
MinimumVisualStudioVersion = 10.0.40219.1
Project("{FAE04EC0-301F-11D3-BF4B-00C04F79EFBC}") = "CW07_3(A)", "CW07_3(A)\CW07_3(A).csproj", "{11E54D3B-F164-43E1-8508-4B18EF8AFBE5}"
EndProject
Global
	GlobalSection(SolutionConfigurationPlatforms) = preSolution
		Debug|Any CPU = Debug|Any CPU
		Release|Any CPU = Release|Any CPU
	EndGlobalSection
	GlobalSection(ProjectConfigurationPlatforms) = postSolution
		{11E54D3B-F164-43E1-8508-4B18EF8AFBE5}.Debug|Any CPU.ActiveCfg = Debug|Any CPU
		{11E54D3B-F164-43E1-8508-4B18EF8AFBE5}.Debug|Any CPU.Build.0 = Debug|Any CPU
		{11E54D3B-F164-43E1-8508-4B18EF8AFBE5}.Release|Any CPU.ActiveCfg = Release|Any CPU
		{11E54D3B-F164-43E1-8508-4B18EF8AFBE5}.Release|Any CPU.Build.0 = Release|Any CPU
	EndGlobalSection
	GlobalSection(SolutionProperties) = preSolution
		HideSolutionNode = FALSE
	EndGlobalSection
	GlobalSection(ExtensibilityGlobals) = postSolution
		SolutionGuid = {1043B6C9-5FA4-4D4F-978B-6564AD3EA39C}
	EndGlobalSection
EndGlobal
